
Microsoft Visual Studio Solution File, Format Version 12.00
# Visual Studio Version 16
VisualStudioVersion = 16.0.30204.135
MinimumVisualStudioVersion = 10.0.40219.1
Project("{FAE04EC0-301F-11D3-BF4B-00C04F79EFBC}") = "PRBD_2S_Aurélie", "PRBD_2S_Aurélie.csproj", "{D78CEE67-092C-4BC7-8092-DDDE02C35B7C}"
EndProject
Project("{FAE04EC0-301F-11D3-BF4B-00C04F79EFBC}") = "PRBD_Framework", "PRBD_Framework\PRBD_Framework.csproj", "{7A03E2E7-F8E3-4ADF-9FF3-A2EFFEA2BFD8}"
EndProject
Global
	GlobalSection(SolutionConfigurationPlatforms) = preSolution
		Debug|Any CPU = Debug|Any CPU
		Release|Any CPU = Release|Any CPU
	EndGlobalSection
	GlobalSection(ProjectConfigurationPlatforms) = postSolution
		{D78CEE67-092C-4BC7-8092-DDDE02C35B7C}.Debug|Any CPU.ActiveCfg = Debug|Any CPU
		{D78CEE67-092C-4BC7-8092-DDDE02C35B7C}.Debug|Any CPU.Build.0 = Debug|Any CPU
		{D78CEE67-092C-4BC7-8092-DDDE02C35B7C}.Release|Any CPU.ActiveCfg = Release|Any CPU
		{D78CEE67-092C-4BC7-8092-DDDE02C35B7C}.Release|Any CPU.Build.0 = Release|Any CPU
		{7A03E2E7-F8E3-4ADF-9FF3-A2EFFEA2BFD8}.Debug|Any CPU.ActiveCfg = Debug|Any CPU
		{7A03E2E7-F8E3-4ADF-9FF3-A2EFFEA2BFD8}.Debug|Any CPU.Build.0 = Debug|Any CPU
		{7A03E2E7-F8E3-4ADF-9FF3-A2EFFEA2BFD8}.Release|Any CPU.ActiveCfg = Release|Any CPU
		{7A03E2E7-F8E3-4ADF-9FF3-A2EFFEA2BFD8}.Release|Any CPU.Build.0 = Release|Any CPU
	EndGlobalSection
	GlobalSection(SolutionProperties) = preSolution
		HideSolutionNode = FALSE
	EndGlobalSection
	GlobalSection(ExtensibilityGlobals) = postSolution
		SolutionGuid = {538708E6-602C-4BCE-9DC1-8EBC32C54C9B}
	EndGlobalSection
EndGlobal
